PODS:
  - Bolts/Tasks (1.6.0)
  - Branch (0.11.18)
  - Crashlytics (3.7.0):
    - Fabric (~> 1.6.3)
  - Fabric (1.6.7)
  - MZAppearance (1.1.6)
  - MZFormSheetPresentationController (2.3.2):
    - MZAppearance
  - NVActivityIndicatorView (2.3)
  - Parse (1.11.0):
    - Bolts/Tasks (~> 1.5)
  - ParseUI (1.2.0):
    - Bolts/Tasks (~> 1.3)
    - Parse (~> 1.9)
  - SDWebImage (3.7.5):
    - SDWebImage/Core (= 3.7.5)
  - SDWebImage/Core (3.7.5)
  - SideMenu (1.0.3)
  - TwitterCore (2.0.1):
    - Fabric
  - TwitterKit (2.0.1):
    - TwitterCore (= 2.0.1)

DEPENDENCIES:
  - Branch
  - Crashlytics
  - Fabric
  - MZFormSheetPresentationController
  - NVActivityIndicatorView
  - Parse (~> 1.11.0)
  - ParseUI
  - SDWebImage
  - SideMenu
  - TwitterCore
  - TwitterKit

SPEC CHECKSUMS:
  Bolts: f52a250053bb517ca874523c3913776359ab3def
  Branch: 64f4f08eaf69bdb5b1f46d4f1f4479494755a073
  Crashlytics: c3a2333dea9e2733d2777f730910321fc9e25c0d
  Fabric: caf7580c725e64db144f610ac65cd60956911dc7
  MZAppearance: 0c06d3fa9cc55142f1da14bc8631fbe8fd6e19d5
  MZFormSheetPresentationController: bba52eb65feb3b70ae83ed28fd20991802d4adeb
  NVActivityIndicatorView: c7ef25ef527ab5e51b00322cb1ddd58681bcf2a3
  Parse: 886af46a0a677402f6374bb97ac212e795f70afe
  ParseUI: af2eba584799da4a9fbdac0e178662d7438b502e
  SDWebImage: 69c6303e3348fba97e03f65d65d4fbc26740f461
  SideMenu: 166ea23f143a8df84d0cf2170057793e26f0ba9e
  TwitterCore: f8575c28412ab2e3fed1a153764397771de06efb
  TwitterKit: ebc84244d4ada8cc673afd4ae7b67277e1f05a65

PODFILE CHECKSUM: 3d557b5a1cc731c12d0660953f8f362a98ef2d1d

COCOAPODS: 1.0.0.beta.4
