// !$*UTF8*$!
{
	archiveVersion = 1;
	classes = {
	};
	objectVersion = 46;
	objects = {

/* Begin PBXBuildFile section */
		2A07F4CCC36B7EAFAC1779CA /* Pods_LeagueDuel.framework in Frameworks */ = {isa = PBXBuildFile; fileRef = 7545B34206AA5C59A63C456E /* Pods_LeagueDuel.framework */; };
		900E11CC1C8F9EF300C4B7A4 /* AppDelegate.swift in Sources */ = {isa = PBXBuildFile; fileRef = 900E11981C8F9EF200C4B7A4 /* AppDelegate.swift */; };
		900E11CD1C8F9EF300C4B7A4 /* Assets.xcassets in Resources */ = {isa = PBXBuildFile; fileRef = 900E11991C8F9EF200C4B7A4 /* Assets.xcassets */; };
		900E11CE1C8F9EF300C4B7A4 /* LaunchScreen.storyboard in Resources */ = {isa = PBXBuildFile; fileRef = 900E119A1C8F9EF200C4B7A4 /* LaunchScreen.storyboard */; };
		900E11CF1C8F9EF300C4B7A4 /* Main.storyboard in Resources */ = {isa = PBXBuildFile; fileRef = 900E119C1C8F9EF200C4B7A4 /* Main.storyboard */; };
		900E11D11C8F9EF300C4B7A4 /* EditableContestLineup.swift in Sources */ = {isa = PBXBuildFile; fileRef = 900E11A01C8F9EF200C4B7A4 /* EditableContestLineup.swift */; };
		900E11D21C8F9EF300C4B7A4 /* MLBEditableContestLineup.swift in Sources */ = {isa = PBXBuildFile; fileRef = 900E11A11C8F9EF200C4B7A4 /* MLBEditableContestLineup.swift */; };
		900E11D31C8F9EF300C4B7A4 /* PFContest.swift in Sources */ = {isa = PBXBuildFile; fileRef = 900E11A21C8F9EF200C4B7A4 /* PFContest.swift */; };
		900E11D41C8F9EF300C4B7A4 /* PFContestLineup.swift in Sources */ = {isa = PBXBuildFile; fileRef = 900E11A31C8F9EF200C4B7A4 /* PFContestLineup.swift */; };
		900E11D51C8F9EF300C4B7A4 /* PFDueler.swift in Sources */ = {isa = PBXBuildFile; fileRef = 900E11A41C8F9EF200C4B7A4 /* PFDueler.swift */; };
		900E11D61C8F9EF300C4B7A4 /* PFEvent.swift in Sources */ = {isa = PBXBuildFile; fileRef = 900E11A51C8F9EF200C4B7A4 /* PFEvent.swift */; };
		900E11D71C8F9EF300C4B7A4 /* PFFlag.swift in Sources */ = {isa = PBXBuildFile; fileRef = 900E11A61C8F9EF200C4B7A4 /* PFFlag.swift */; };
		900E11D81C8F9EF300C4B7A4 /* PFGame.swift in Sources */ = {isa = PBXBuildFile; fileRef = 900E11A71C8F9EF200C4B7A4 /* PFGame.swift */; };
		900E11D91C8F9EF300C4B7A4 /* PFLeague.swift in Sources */ = {isa = PBXBuildFile; fileRef = 900E11A81C8F9EF200C4B7A4 /* PFLeague.swift */; };
		900E11DA1C8F9EF300C4B7A4 /* PFLineup.swift in Sources */ = {isa = PBXBuildFile; fileRef = 900E11A91C8F9EF200C4B7A4 /* PFLineup.swift */; };
		900E11DB1C8F9EF300C4B7A4 /* PFMLBContest.swift in Sources */ = {isa = PBXBuildFile; fileRef = 900E11AA1C8F9EF200C4B7A4 /* PFMLBContest.swift */; };
		900E11DC1C8F9EF300C4B7A4 /* PFMLBContestLineup.swift in Sources */ = {isa = PBXBuildFile; fileRef = 900E11AB1C8F9EF200C4B7A4 /* PFMLBContestLineup.swift */; };
		900E11DD1C8F9EF300C4B7A4 /* PFMLBEvent.swift in Sources */ = {isa = PBXBuildFile; fileRef = 900E11AC1C8F9EF200C4B7A4 /* PFMLBEvent.swift */; };
		900E11DE1C8F9EF300C4B7A4 /* PFMLBGame.swift in Sources */ = {isa = PBXBuildFile; fileRef = 900E11AD1C8F9EF200C4B7A4 /* PFMLBGame.swift */; };
		900E11DF1C8F9EF300C4B7A4 /* PFMLBLineup.swift in Sources */ = {isa = PBXBuildFile; fileRef = 900E11AE1C8F9EF200C4B7A4 /* PFMLBLineup.swift */; };
		900E11E01C8F9EF300C4B7A4 /* PFMLBPlayer.swift in Sources */ = {isa = PBXBuildFile; fileRef = 900E11AF1C8F9EF200C4B7A4 /* PFMLBPlayer.swift */; };
		900E11E11C8F9EF300C4B7A4 /* PFMLBPlayerEvent.swift in Sources */ = {isa = PBXBuildFile; fileRef = 900E11B01C8F9EF200C4B7A4 /* PFMLBPlayerEvent.swift */; };
		900E11E21C8F9EF300C4B7A4 /* PFMLBPlayerEventResult.swift in Sources */ = {isa = PBXBuildFile; fileRef = 900E11B11C8F9EF200C4B7A4 /* PFMLBPlayerEventResult.swift */; };
		900E11E31C8F9EF300C4B7A4 /* PFMLBTeam.swift in Sources */ = {isa = PBXBuildFile; fileRef = 900E11B21C8F9EF200C4B7A4 /* PFMLBTeam.swift */; };
		900E11E41C8F9EF300C4B7A4 /* PFPlayer.swift in Sources */ = {isa = PBXBuildFile; fileRef = 900E11B31C8F9EF200C4B7A4 /* PFPlayer.swift */; };
		900E11E51C8F9EF300C4B7A4 /* PFPlayerEvent.swift in Sources */ = {isa = PBXBuildFile; fileRef = 900E11B41C8F9EF200C4B7A4 /* PFPlayerEvent.swift */; };
		900E11E61C8F9EF300C4B7A4 /* PFPlayerEventResult.swift in Sources */ = {isa = PBXBuildFile; fileRef = 900E11B51C8F9EF200C4B7A4 /* PFPlayerEventResult.swift */; };
		900E11E71C8F9EF300C4B7A4 /* PFSport.swift in Sources */ = {isa = PBXBuildFile; fileRef = 900E11B61C8F9EF200C4B7A4 /* PFSport.swift */; };
		900E11E81C8F9EF300C4B7A4 /* PFSuperclassing.swift in Sources */ = {isa = PBXBuildFile; fileRef = 900E11B71C8F9EF200C4B7A4 /* PFSuperclassing.swift */; };
		900E11E91C8F9EF300C4B7A4 /* PFTeam.swift in Sources */ = {isa = PBXBuildFile; fileRef = 900E11B81C8F9EF200C4B7A4 /* PFTeam.swift */; };
		900E11EA1C8F9EF300C4B7A4 /* CreateLeagueViewController.swift in Sources */ = {isa = PBXBuildFile; fileRef = 900E11BA1C8F9EF200C4B7A4 /* CreateLeagueViewController.swift */; };
		900E11EB1C8F9EF300C4B7A4 /* CreateLineupViewController.swift in Sources */ = {isa = PBXBuildFile; fileRef = 900E11BB1C8F9EF200C4B7A4 /* CreateLineupViewController.swift */; };
		900E11EC1C8F9EF300C4B7A4 /* EditLeagueViewController.swift in Sources */ = {isa = PBXBuildFile; fileRef = 900E11BC1C8F9EF200C4B7A4 /* EditLeagueViewController.swift */; };
		900E11ED1C8F9EF300C4B7A4 /* EditLineupViewController.swift in Sources */ = {isa = PBXBuildFile; fileRef = 900E11BD1C8F9EF200C4B7A4 /* EditLineupViewController.swift */; };
		900E11EE1C8F9EF300C4B7A4 /* LeaguesViewController.swift in Sources */ = {isa = PBXBuildFile; fileRef = 900E11BE1C8F9EF200C4B7A4 /* LeaguesViewController.swift */; };
		900E11EF1C8F9EF300C4B7A4 /* LeagueViewController.swift in Sources */ = {isa = PBXBuildFile; fileRef = 900E11BF1C8F9EF200C4B7A4 /* LeagueViewController.swift */; };
		900E11F01C8F9EF300C4B7A4 /* LiveContestsViewController.swift in Sources */ = {isa = PBXBuildFile; fileRef = 900E11C01C8F9EF200C4B7A4 /* LiveContestsViewController.swift */; };
		900E11F11C8F9EF300C4B7A4 /* PlayerPickerViewController.swift in Sources */ = {isa = PBXBuildFile; fileRef = 900E11C11C8F9EF200C4B7A4 /* PlayerPickerViewController.swift */; };
		900E11F21C8F9EF300C4B7A4 /* ProfileViewController.swift in Sources */ = {isa = PBXBuildFile; fileRef = 900E11C21C8F9EF200C4B7A4 /* ProfileViewController.swift */; };
		900E11F31C8F9EF300C4B7A4 /* RecentContestsViewController.swift in Sources */ = {isa = PBXBuildFile; fileRef = 900E11C31C8F9EF200C4B7A4 /* RecentContestsViewController.swift */; };
		900E11F41C8F9EF300C4B7A4 /* SetLineupViewController.swift in Sources */ = {isa = PBXBuildFile; fileRef = 900E11C41C8F9EF200C4B7A4 /* SetLineupViewController.swift */; };
		900E11F51C8F9EF300C4B7A4 /* SplashViewController.swift in Sources */ = {isa = PBXBuildFile; fileRef = 900E11C51C8F9EF200C4B7A4 /* SplashViewController.swift */; };
		900E11F61C8F9EF300C4B7A4 /* UpcomingContestsViewController.swift in Sources */ = {isa = PBXBuildFile; fileRef = 900E11C61C8F9EF200C4B7A4 /* UpcomingContestsViewController.swift */; };
		900E11F71C8F9EF300C4B7A4 /* ContestTableViewCell.swift in Sources */ = {isa = PBXBuildFile; fileRef = 900E11C81C8F9EF200C4B7A4 /* ContestTableViewCell.swift */; };
		900E11F81C8F9EF300C4B7A4 /* EventTableViewCell.swift in Sources */ = {isa = PBXBuildFile; fileRef = 900E11C91C8F9EF200C4B7A4 /* EventTableViewCell.swift */; };
		900E11F91C8F9EF300C4B7A4 /* LeagueTableViewCell.swift in Sources */ = {isa = PBXBuildFile; fileRef = 900E11CA1C8F9EF200C4B7A4 /* LeagueTableViewCell.swift */; };
		900E11FA1C8F9EF300C4B7A4 /* LineupTableViewCell.swift in Sources */ = {isa = PBXBuildFile; fileRef = 900E11CB1C8F9EF300C4B7A4 /* LineupTableViewCell.swift */; };
		903C534F1CA2E83800E20E93 /* MenuViewController.swift in Sources */ = {isa = PBXBuildFile; fileRef = 903C534D1CA2E83800E20E93 /* MenuViewController.swift */; };
		90629A2F1C90919F0083680D /* ContestHeaderView.swift in Sources */ = {isa = PBXBuildFile; fileRef = 90629A2E1C90919F0083680D /* ContestHeaderView.swift */; };
		90629A311C9091AF0083680D /* ContestHeaderView.xib in Resources */ = {isa = PBXBuildFile; fileRef = 90629A301C9091AF0083680D /* ContestHeaderView.xib */; };
		90629A341C9095120083680D /* Style.swift in Sources */ = {isa = PBXBuildFile; fileRef = 90629A331C9095120083680D /* Style.swift */; };
		90629A361C90B5760083680D /* TextFieldTableViewCell.swift in Sources */ = {isa = PBXBuildFile; fileRef = 90629A351C90B5760083680D /* TextFieldTableViewCell.swift */; };
		908308F71CA17C1B0015AD07 /* ResultRaceView.swift in Sources */ = {isa = PBXBuildFile; fileRef = 908308F61CA17C1B0015AD07 /* ResultRaceView.swift */; };
		908308F91CA17F0E0015AD07 /* LeagueContestViewController.swift in Sources */ = {isa = PBXBuildFile; fileRef = 908308F81CA17F0E0015AD07 /* LeagueContestViewController.swift */; };
		908308FB1CA182750015AD07 /* PlayerEventTableViewCell.swift in Sources */ = {isa = PBXBuildFile; fileRef = 908308FA1CA182750015AD07 /* PlayerEventTableViewCell.swift */; };
		908528FD1CA1AA5A000E606E /* PlayerEventViewController.swift in Sources */ = {isa = PBXBuildFile; fileRef = 908528FC1CA1AA5A000E606E /* PlayerEventViewController.swift */; };
		908529001CA1D1B2000E606E /* LDTabBarController.swift in Sources */ = {isa = PBXBuildFile; fileRef = 908528FF1CA1D1B2000E606E /* LDTabBarController.swift */; };
		908529021CA1F715000E606E /* LeagueDuelTeamViewController.swift in Sources */ = {isa = PBXBuildFile; fileRef = 908529011CA1F715000E606E /* LeagueDuelTeamViewController.swift */; };
		908529041CA20C7E000E606E /* PFDuelTeam.swift in Sources */ = {isa = PBXBuildFile; fileRef = 908529031CA20C7E000E606E /* PFDuelTeam.swift */; };
		908529061CA21307000E606E /* CreateTeamViewController.swift in Sources */ = {isa = PBXBuildFile; fileRef = 908529051CA21307000E606E /* CreateTeamViewController.swift */; };
/* End PBXBuildFile section */

/* Begin PBXFileReference section */
		17BB96FF7EA2EB5B037B1C44 /* Pods_FriendlyFanduel.framework */ = {isa = PBXFileReference; explicitFileType = wrapper.framework; includeInIndex = 0; path = Pods_FriendlyFanduel.framework; sourceTree = BUILT_PRODUCTS_DIR; };
		2AA7A90315F9F184FF61F633 /* Pods-LeagueDuel.debug.xcconfig */ = {isa = PBXFileReference; includeInIndex = 1; lastKnownFileType = text.xcconfig; name = "Pods-LeagueDuel.debug.xcconfig"; path = "Pods/Target Support Files/Pods-LeagueDuel/Pods-LeagueDuel.debug.xcconfig"; sourceTree = "<group>"; };
		7545B34206AA5C59A63C456E /* Pods_LeagueDuel.framework */ = {isa = PBXFileReference; explicitFileType = wrapper.framework; includeInIndex = 0; path = Pods_LeagueDuel.framework; sourceTree = BUILT_PRODUCTS_DIR; };
		900E11981C8F9EF200C4B7A4 /* AppDelegate.swift */ = {isa = PBXFileReference; fileEncoding = 4; lastKnownFileType = sourcecode.swift; path = AppDelegate.swift; sourceTree = "<group>"; };
		900E11991C8F9EF200C4B7A4 /* Assets.xcassets */ = {isa = PBXFileReference; lastKnownFileType = folder.assetcatalog; path = Assets.xcassets; sourceTree = "<group>"; };
		900E119B1C8F9EF200C4B7A4 /* Base */ = {isa = PBXFileReference; lastKnownFileType = file.storyboard; name = Base; path = Base.lproj/LaunchScreen.storyboard; sourceTree = "<group>"; };
		900E119D1C8F9EF200C4B7A4 /* Base */ = {isa = PBXFileReference; lastKnownFileType = file.storyboard; name = Base; path = Base.lproj/Main.storyboard; sourceTree = "<group>"; };
		900E119E1C8F9EF200C4B7A4 /* Info.plist */ = {isa = PBXFileReference; fileEncoding = 4; lastKnownFileType = text.plist.xml; path = Info.plist; sourceTree = "<group>"; };
		900E11A01C8F9EF200C4B7A4 /* EditableContestLineup.swift */ = {isa = PBXFileReference; fileEncoding = 4; lastKnownFileType = sourcecode.swift; path = EditableContestLineup.swift; sourceTree = "<group>"; };
		900E11A11C8F9EF200C4B7A4 /* MLBEditableContestLineup.swift */ = {isa = PBXFileReference; fileEncoding = 4; lastKnownFileType = sourcecode.swift; path = MLBEditableContestLineup.swift; sourceTree = "<group>"; };
		900E11A21C8F9EF200C4B7A4 /* PFContest.swift */ = {isa = PBXFileReference; fileEncoding = 4; lastKnownFileType = sourcecode.swift; path = PFContest.swift; sourceTree = "<group>"; };
		900E11A31C8F9EF200C4B7A4 /* PFContestLineup.swift */ = {isa = PBXFileReference; fileEncoding = 4; lastKnownFileType = sourcecode.swift; path = PFContestLineup.swift; sourceTree = "<group>"; };
		900E11A41C8F9EF200C4B7A4 /* PFDueler.swift */ = {isa = PBXFileReference; fileEncoding = 4; lastKnownFileType = sourcecode.swift; path = PFDueler.swift; sourceTree = "<group>"; };
		900E11A51C8F9EF200C4B7A4 /* PFEvent.swift */ = {isa = PBXFileReference; fileEncoding = 4; lastKnownFileType = sourcecode.swift; path = PFEvent.swift; sourceTree = "<group>"; };
		900E11A61C8F9EF200C4B7A4 /* PFFlag.swift */ = {isa = PBXFileReference; fileEncoding = 4; lastKnownFileType = sourcecode.swift; path = PFFlag.swift; sourceTree = "<group>"; };
		900E11A71C8F9EF200C4B7A4 /* PFGame.swift */ = {isa = PBXFileReference; fileEncoding = 4; lastKnownFileType = sourcecode.swift; path = PFGame.swift; sourceTree = "<group>"; };
		900E11A81C8F9EF200C4B7A4 /* PFLeague.swift */ = {isa = PBXFileReference; fileEncoding = 4; lastKnownFileType = sourcecode.swift; path = PFLeague.swift; sourceTree = "<group>"; };
		900E11A91C8F9EF200C4B7A4 /* PFLineup.swift */ = {isa = PBXFileReference; fileEncoding = 4; lastKnownFileType = sourcecode.swift; path = PFLineup.swift; sourceTree = "<group>"; };
		900E11AA1C8F9EF200C4B7A4 /* PFMLBContest.swift */ = {isa = PBXFileReference; fileEncoding = 4; lastKnownFileType = sourcecode.swift; path = PFMLBContest.swift; sourceTree = "<group>"; };
		900E11AB1C8F9EF200C4B7A4 /* PFMLBContestLineup.swift */ = {isa = PBXFileReference; fileEncoding = 4; lastKnownFileType = sourcecode.swift; path = PFMLBContestLineup.swift; sourceTree = "<group>"; };
		900E11AC1C8F9EF200C4B7A4 /* PFMLBEvent.swift */ = {isa = PBXFileReference; fileEncoding = 4; lastKnownFileType = sourcecode.swift; path = PFMLBEvent.swift; sourceTree = "<group>"; };
		900E11AD1C8F9EF200C4B7A4 /* PFMLBGame.swift */ = {isa = PBXFileReference; fileEncoding = 4; lastKnownFileType = sourcecode.swift; path = PFMLBGame.swift; sourceTree = "<group>"; };
		900E11AE1C8F9EF200C4B7A4 /* PFMLBLineup.swift */ = {isa = PBXFileReference; fileEncoding = 4; lastKnownFileType = sourcecode.swift; path = PFMLBLineup.swift; sourceTree = "<group>"; };
		900E11AF1C8F9EF200C4B7A4 /* PFMLBPlayer.swift */ = {isa = PBXFileReference; fileEncoding = 4; lastKnownFileType = sourcecode.swift; path = PFMLBPlayer.swift; sourceTree = "<group>"; };
		900E11B01C8F9EF200C4B7A4 /* PFMLBPlayerEvent.swift */ = {isa = PBXFileReference; fileEncoding = 4; lastKnownFileType = sourcecode.swift; path = PFMLBPlayerEvent.swift; sourceTree = "<group>"; };
		900E11B11C8F9EF200C4B7A4 /* PFMLBPlayerEventResult.swift */ = {isa = PBXFileReference; fileEncoding = 4; lastKnownFileType = sourcecode.swift; path = PFMLBPlayerEventResult.swift; sourceTree = "<group>"; };
		900E11B21C8F9EF200C4B7A4 /* PFMLBTeam.swift */ = {isa = PBXFileReference; fileEncoding = 4; lastKnownFileType = sourcecode.swift; path = PFMLBTeam.swift; sourceTree = "<group>"; };
		900E11B31C8F9EF200C4B7A4 /* PFPlayer.swift */ = {isa = PBXFileReference; fileEncoding = 4; lastKnownFileType = sourcecode.swift; path = PFPlayer.swift; sourceTree = "<group>"; };
		900E11B41C8F9EF200C4B7A4 /* PFPlayerEvent.swift */ = {isa = PBXFileReference; fileEncoding = 4; lastKnownFileType = sourcecode.swift; path = PFPlayerEvent.swift; sourceTree = "<group>"; };
		900E11B51C8F9EF200C4B7A4 /* PFPlayerEventResult.swift */ = {isa = PBXFileReference; fileEncoding = 4; lastKnownFileType = sourcecode.swift; path = PFPlayerEventResult.swift; sourceTree = "<group>"; };
		900E11B61C8F9EF200C4B7A4 /* PFSport.swift */ = {isa = PBXFileReference; fileEncoding = 4; lastKnownFileType = sourcecode.swift; path = PFSport.swift; sourceTree = "<group>"; };
		900E11B71C8F9EF200C4B7A4 /* PFSuperclassing.swift */ = {isa = PBXFileReference; fileEncoding = 4; lastKnownFileType = sourcecode.swift; path = PFSuperclassing.swift; sourceTree = "<group>"; };
		900E11B81C8F9EF200C4B7A4 /* PFTeam.swift */ = {isa = PBXFileReference; fileEncoding = 4; lastKnownFileType = sourcecode.swift; path = PFTeam.swift; sourceTree = "<group>"; };
		900E11BA1C8F9EF200C4B7A4 /* CreateLeagueViewController.swift */ = {isa = PBXFileReference; fileEncoding = 4; lastKnownFileType = sourcecode.swift; path = CreateLeagueViewController.swift; sourceTree = "<group>"; };
		900E11BB1C8F9EF200C4B7A4 /* CreateLineupViewController.swift */ = {isa = PBXFileReference; fileEncoding = 4; lastKnownFileType = sourcecode.swift; path = CreateLineupViewController.swift; sourceTree = "<group>"; };
		900E11BC1C8F9EF200C4B7A4 /* EditLeagueViewController.swift */ = {isa = PBXFileReference; fileEncoding = 4; lastKnownFileType = sourcecode.swift; path = EditLeagueViewController.swift; sourceTree = "<group>"; };
		900E11BD1C8F9EF200C4B7A4 /* EditLineupViewController.swift */ = {isa = PBXFileReference; fileEncoding = 4; lastKnownFileType = sourcecode.swift; path = EditLineupViewController.swift; sourceTree = "<group>"; };
		900E11BE1C8F9EF200C4B7A4 /* LeaguesViewController.swift */ = {isa = PBXFileReference; fileEncoding = 4; lastKnownFileType = sourcecode.swift; path = LeaguesViewController.swift; sourceTree = "<group>"; };
		900E11BF1C8F9EF200C4B7A4 /* LeagueViewController.swift */ = {isa = PBXFileReference; fileEncoding = 4; lastKnownFileType = sourcecode.swift; path = LeagueViewController.swift; sourceTree = "<group>"; };
		900E11C01C8F9EF200C4B7A4 /* LiveContestsViewController.swift */ = {isa = PBXFileReference; fileEncoding = 4; lastKnownFileType = sourcecode.swift; path = LiveContestsViewController.swift; sourceTree = "<group>"; };
		900E11C11C8F9EF200C4B7A4 /* PlayerPickerViewController.swift */ = {isa = PBXFileReference; fileEncoding = 4; lastKnownFileType = sourcecode.swift; path = PlayerPickerViewController.swift; sourceTree = "<group>"; };
		900E11C21C8F9EF200C4B7A4 /* ProfileViewController.swift */ = {isa = PBXFileReference; fileEncoding = 4; lastKnownFileType = sourcecode.swift; path = ProfileViewController.swift; sourceTree = "<group>"; };
		900E11C31C8F9EF200C4B7A4 /* RecentContestsViewController.swift */ = {isa = PBXFileReference; fileEncoding = 4; lastKnownFileType = sourcecode.swift; path = RecentContestsViewController.swift; sourceTree = "<group>"; };
		900E11C41C8F9EF200C4B7A4 /* SetLineupViewController.swift */ = {isa = PBXFileReference; fileEncoding = 4; lastKnownFileType = sourcecode.swift; path = SetLineupViewController.swift; sourceTree = "<group>"; };
		900E11C51C8F9EF200C4B7A4 /* SplashViewController.swift */ = {isa = PBXFileReference; fileEncoding = 4; lastKnownFileType = sourcecode.swift; path = SplashViewController.swift; sourceTree = "<group>"; };
		900E11C61C8F9EF200C4B7A4 /* UpcomingContestsViewController.swift */ = {isa = PBXFileReference; fileEncoding = 4; lastKnownFileType = sourcecode.swift; path = UpcomingContestsViewController.swift; sourceTree = "<group>"; };
		900E11C81C8F9EF200C4B7A4 /* ContestTableViewCell.swift */ = {isa = PBXFileReference; fileEncoding = 4; lastKnownFileType = sourcecode.swift; path = ContestTableViewCell.swift; sourceTree = "<group>"; };
		900E11C91C8F9EF200C4B7A4 /* EventTableViewCell.swift */ = {isa = PBXFileReference; fileEncoding = 4; lastKnownFileType = sourcecode.swift; path = EventTableViewCell.swift; sourceTree = "<group>"; };
		900E11CA1C8F9EF200C4B7A4 /* LeagueTableViewCell.swift */ = {isa = PBXFileReference; fileEncoding = 4; lastKnownFileType = sourcecode.swift; path = LeagueTableViewCell.swift; sourceTree = "<group>"; };
		900E11CB1C8F9EF300C4B7A4 /* LineupTableViewCell.swift */ = {isa = PBXFileReference; fileEncoding = 4; lastKnownFileType = sourcecode.swift; path = LineupTableViewCell.swift; sourceTree = "<group>"; };
		903C534D1CA2E83800E20E93 /* MenuViewController.swift */ = {isa = PBXFileReference; fileEncoding = 4; lastKnownFileType = sourcecode.swift; path = MenuViewController.swift; sourceTree = "<group>"; };
		90629A2E1C90919F0083680D /* ContestHeaderView.swift */ = {isa = PBXFileReference; fileEncoding = 4; lastKnownFileType = sourcecode.swift; path = ContestHeaderView.swift; sourceTree = "<group>"; };
		90629A301C9091AF0083680D /* ContestHeaderView.xib */ = {isa = PBXFileReference; fileEncoding = 4; lastKnownFileType = file.xib; path = ContestHeaderView.xib; sourceTree = "<group>"; };
		90629A331C9095120083680D /* Style.swift */ = {isa = PBXFileReference; fileEncoding = 4; lastKnownFileType = sourcecode.swift; path = Style.swift; sourceTree = "<group>"; };
		90629A351C90B5760083680D /* TextFieldTableViewCell.swift */ = {isa = PBXFileReference; fileEncoding = 4; lastKnownFileType = sourcecode.swift; path = TextFieldTableViewCell.swift; sourceTree = "<group>"; };
		908308F61CA17C1B0015AD07 /* ResultRaceView.swift */ = {isa = PBXFileReference; fileEncoding = 4; lastKnownFileType = sourcecode.swift; path = ResultRaceView.swift; sourceTree = "<group>"; };
		908308F81CA17F0E0015AD07 /* LeagueContestViewController.swift */ = {isa = PBXFileReference; fileEncoding = 4; lastKnownFileType = sourcecode.swift; path = LeagueContestViewController.swift; sourceTree = "<group>"; };
		908308FA1CA182750015AD07 /* PlayerEventTableViewCell.swift */ = {isa = PBXFileReference; fileEncoding = 4; lastKnownFileType = sourcecode.swift; path = PlayerEventTableViewCell.swift; sourceTree = "<group>"; };
		908528FC1CA1AA5A000E606E /* PlayerEventViewController.swift */ = {isa = PBXFileReference; fileEncoding = 4; lastKnownFileType = sourcecode.swift; path = PlayerEventViewController.swift; sourceTree = "<group>"; };
		908528FF1CA1D1B2000E606E /* LDTabBarController.swift */ = {isa = PBXFileReference; fileEncoding = 4; lastKnownFileType = sourcecode.swift; path = LDTabBarController.swift; sourceTree = "<group>"; };
		908529011CA1F715000E606E /* LeagueDuelTeamViewController.swift */ = {isa = PBXFileReference; fileEncoding = 4; lastKnownFileType = sourcecode.swift; path = LeagueDuelTeamViewController.swift; sourceTree = "<group>"; };
		908529031CA20C7E000E606E /* PFDuelTeam.swift */ = {isa = PBXFileReference; fileEncoding = 4; lastKnownFileType = sourcecode.swift; path = PFDuelTeam.swift; sourceTree = "<group>"; };
		908529051CA21307000E606E /* CreateTeamViewController.swift */ = {isa = PBXFileReference; fileEncoding = 4; lastKnownFileType = sourcecode.swift; path = CreateTeamViewController.swift; sourceTree = "<group>"; };
		90F7B2241C889B27003FBE49 /* LeagueDuel.app */ = {isa = PBXFileReference; explicitFileType = wrapper.application; includeInIndex = 0; path = LeagueDuel.app; sourceTree = BUILT_PRODUCTS_DIR; };
		D9C391357D720FBAC7B3D93D /* Pods-LeagueDuel.release.xcconfig */ = {isa = PBXFileReference; includeInIndex = 1; lastKnownFileType = text.xcconfig; name = "Pods-LeagueDuel.release.xcconfig"; path = "Pods/Target Support Files/Pods-LeagueDuel/Pods-LeagueDuel.release.xcconfig"; sourceTree = "<group>"; };
/* End PBXFileReference section */

/* Begin PBXFrameworksBuildPhase section */
		90F7B2211C889B27003FBE49 /* Frameworks */ = {
			isa = PBXFrameworksBuildPhase;
			buildActionMask = 2147483647;
			files = (
				2A07F4CCC36B7EAFAC1779CA /* Pods_LeagueDuel.framework in Frameworks */,
			);
			runOnlyForDeploymentPostprocessing = 0;
		};
/* End PBXFrameworksBuildPhase section */

/* Begin PBXGroup section */
		65DD228AF4682A8B55DACCBC /* Pods */ = {
			isa = PBXGroup;
			children = (
				2AA7A90315F9F184FF61F633 /* Pods-LeagueDuel.debug.xcconfig */,
				D9C391357D720FBAC7B3D93D /* Pods-LeagueDuel.release.xcconfig */,
			);
			name = Pods;
			sourceTree = "<group>";
		};
		813AC46DD38CE82E9DBE70C7 /* Frameworks */ = {
			isa = PBXGroup;
			children = (
				17BB96FF7EA2EB5B037B1C44 /* Pods_FriendlyFanduel.framework */,
				7545B34206AA5C59A63C456E /* Pods_LeagueDuel.framework */,
			);
			name = Frameworks;
			sourceTree = "<group>";
		};
		900E11971C8F9EF200C4B7A4 /* LeagueDuel */ = {
			isa = PBXGroup;
			children = (
				900E11981C8F9EF200C4B7A4 /* AppDelegate.swift */,
				900E11991C8F9EF200C4B7A4 /* Assets.xcassets */,
				900E119A1C8F9EF200C4B7A4 /* LaunchScreen.storyboard */,
				900E119C1C8F9EF200C4B7A4 /* Main.storyboard */,
				90629A321C9094ED0083680D /* Supporting Files */,
				900E119F1C8F9EF200C4B7A4 /* PFObjects */,
				900E11B91C8F9EF200C4B7A4 /* VCs */,
				900E11C71C8F9EF200C4B7A4 /* Views */,
			);
			path = LeagueDuel;
			sourceTree = "<group>";
		};
		900E119F1C8F9EF200C4B7A4 /* PFObjects */ = {
			isa = PBXGroup;
			children = (
				900E12011C8FA06200C4B7A4 /* NSObjects */,
				900E11A41C8F9EF200C4B7A4 /* PFDueler.swift */,
				908529031CA20C7E000E606E /* PFDuelTeam.swift */,
				900E11A81C8F9EF200C4B7A4 /* PFLeague.swift */,
				900E12071C8FA0A300C4B7A4 /* PFPlayer */,
				900E12051C8FA08900C4B7A4 /* PFGame */,
				900E12041C8FA08200C4B7A4 /* PFEvent */,
				900E12021C8FA06A00C4B7A4 /* PFContest */,
				900E12031C8FA07900C4B7A4 /* PFContestLineup */,
				900E12061C8FA09000C4B7A4 /* PFLineup */,
				900E12081C8FA0AA00C4B7A4 /* PFPlayerEvent */,
				900E12091C8FA0B100C4B7A4 /* PFPlayerEventResult */,
				900E120A1C8FA0BA00C4B7A4 /* PFTeam */,
				900E11B71C8F9EF200C4B7A4 /* PFSuperclassing.swift */,
				900E11B61C8F9EF200C4B7A4 /* PFSport.swift */,
				900E11A61C8F9EF200C4B7A4 /* PFFlag.swift */,
			);
			path = PFObjects;
			sourceTree = "<group>";
		};
		900E11B91C8F9EF200C4B7A4 /* VCs */ = {
			isa = PBXGroup;
			children = (
				900E12001C8FA05500C4B7A4 /* Onboarding */,
				900E11FB1C8FA02A00C4B7A4 /* Leagues */,
				900E11FC1C8FA03800C4B7A4 /* Upcoming */,
				900E11FD1C8FA03E00C4B7A4 /* Live */,
				900E11FE1C8FA04B00C4B7A4 /* Recent */,
				908528FE1CA1AA60000E606E /* Player */,
				900E11FF1C8FA04F00C4B7A4 /* Profile */,
				908528FF1CA1D1B2000E606E /* LDTabBarController.swift */,
				903C534D1CA2E83800E20E93 /* MenuViewController.swift */,
			);
			path = VCs;
			sourceTree = "<group>";
		};
		900E11C71C8F9EF200C4B7A4 /* Views */ = {
			isa = PBXGroup;
			children = (
				900E11C81C8F9EF200C4B7A4 /* ContestTableViewCell.swift */,
				900E11C91C8F9EF200C4B7A4 /* EventTableViewCell.swift */,
				900E11CA1C8F9EF200C4B7A4 /* LeagueTableViewCell.swift */,
				900E11CB1C8F9EF300C4B7A4 /* LineupTableViewCell.swift */,
				908308FA1CA182750015AD07 /* PlayerEventTableViewCell.swift */,
				90629A2E1C90919F0083680D /* ContestHeaderView.swift */,
				90629A301C9091AF0083680D /* ContestHeaderView.xib */,
				90629A351C90B5760083680D /* TextFieldTableViewCell.swift */,
				908308F61CA17C1B0015AD07 /* ResultRaceView.swift */,
			);
			path = Views;
			sourceTree = "<group>";
		};
		900E11FB1C8FA02A00C4B7A4 /* Leagues */ = {
			isa = PBXGroup;
			children = (
				908529071CA2131C000E606E /* Create/Edit (Leagues & Teams) */,
				900E11BE1C8F9EF200C4B7A4 /* LeaguesViewController.swift */,
				900E11BF1C8F9EF200C4B7A4 /* LeagueViewController.swift */,
			);
			name = Leagues;
			sourceTree = "<group>";
		};
		900E11FC1C8FA03800C4B7A4 /* Upcoming */ = {
			isa = PBXGroup;
			children = (
				900E11C61C8F9EF200C4B7A4 /* UpcomingContestsViewController.swift */,
				900E120B1C8FA32200C4B7A4 /* Lineup */,
			);
			name = Upcoming;
			sourceTree = "<group>";
		};
		900E11FD1C8FA03E00C4B7A4 /* Live */ = {
			isa = PBXGroup;
			children = (
				900E11C01C8F9EF200C4B7A4 /* LiveContestsViewController.swift */,
				908308F81CA17F0E0015AD07 /* LeagueContestViewController.swift */,
				908529011CA1F715000E606E /* LeagueDuelTeamViewController.swift */,
			);
			name = Live;
			sourceTree = "<group>";
		};
		900E11FE1C8FA04B00C4B7A4 /* Recent */ = {
			isa = PBXGroup;
			children = (
				900E11C31C8F9EF200C4B7A4 /* RecentContestsViewController.swift */,
			);
			name = Recent;
			sourceTree = "<group>";
		};
		900E11FF1C8FA04F00C4B7A4 /* Profile */ = {
			isa = PBXGroup;
			children = (
				900E11C21C8F9EF200C4B7A4 /* ProfileViewController.swift */,
			);
			name = Profile;
			sourceTree = "<group>";
		};
		900E12001C8FA05500C4B7A4 /* Onboarding */ = {
			isa = PBXGroup;
			children = (
				900E11C51C8F9EF200C4B7A4 /* SplashViewController.swift */,
			);
			name = Onboarding;
			sourceTree = "<group>";
		};
		900E12011C8FA06200C4B7A4 /* NSObjects */ = {
			isa = PBXGroup;
			children = (
				900E11A01C8F9EF200C4B7A4 /* EditableContestLineup.swift */,
				900E11A11C8F9EF200C4B7A4 /* MLBEditableContestLineup.swift */,
			);
			name = NSObjects;
			sourceTree = "<group>";
		};
		900E12021C8FA06A00C4B7A4 /* PFContest */ = {
			isa = PBXGroup;
			children = (
				900E11A21C8F9EF200C4B7A4 /* PFContest.swift */,
				900E11AA1C8F9EF200C4B7A4 /* PFMLBContest.swift */,
			);
			name = PFContest;
			sourceTree = "<group>";
		};
		900E12031C8FA07900C4B7A4 /* PFContestLineup */ = {
			isa = PBXGroup;
			children = (
				900E11A31C8F9EF200C4B7A4 /* PFContestLineup.swift */,
				900E11AB1C8F9EF200C4B7A4 /* PFMLBContestLineup.swift */,
			);
			name = PFContestLineup;
			sourceTree = "<group>";
		};
		900E12041C8FA08200C4B7A4 /* PFEvent */ = {
			isa = PBXGroup;
			children = (
				900E11A51C8F9EF200C4B7A4 /* PFEvent.swift */,
				900E11AC1C8F9EF200C4B7A4 /* PFMLBEvent.swift */,
			);
			name = PFEvent;
			sourceTree = "<group>";
		};
		900E12051C8FA08900C4B7A4 /* PFGame */ = {
			isa = PBXGroup;
			children = (
				900E11A71C8F9EF200C4B7A4 /* PFGame.swift */,
				900E11AD1C8F9EF200C4B7A4 /* PFMLBGame.swift */,
			);
			name = PFGame;
			sourceTree = "<group>";
		};
		900E12061C8FA09000C4B7A4 /* PFLineup */ = {
			isa = PBXGroup;
			children = (
				900E11A91C8F9EF200C4B7A4 /* PFLineup.swift */,
				900E11AE1C8F9EF200C4B7A4 /* PFMLBLineup.swift */,
			);
			name = PFLineup;
			sourceTree = "<group>";
		};
		900E12071C8FA0A300C4B7A4 /* PFPlayer */ = {
			isa = PBXGroup;
			children = (
				900E11AF1C8F9EF200C4B7A4 /* PFMLBPlayer.swift */,
				900E11B31C8F9EF200C4B7A4 /* PFPlayer.swift */,
			);
			name = PFPlayer;
			sourceTree = "<group>";
		};
		900E12081C8FA0AA00C4B7A4 /* PFPlayerEvent */ = {
			isa = PBXGroup;
			children = (
				900E11B41C8F9EF200C4B7A4 /* PFPlayerEvent.swift */,
				900E11B01C8F9EF200C4B7A4 /* PFMLBPlayerEvent.swift */,
			);
			name = PFPlayerEvent;
			sourceTree = "<group>";
		};
		900E12091C8FA0B100C4B7A4 /* PFPlayerEventResult */ = {
			isa = PBXGroup;
			children = (
				900E11B11C8F9EF200C4B7A4 /* PFMLBPlayerEventResult.swift */,
				900E11B51C8F9EF200C4B7A4 /* PFPlayerEventResult.swift */,
			);
			name = PFPlayerEventResult;
			sourceTree = "<group>";
		};
		900E120A1C8FA0BA00C4B7A4 /* PFTeam */ = {
			isa = PBXGroup;
			children = (
				900E11B81C8F9EF200C4B7A4 /* PFTeam.swift */,
				900E11B21C8F9EF200C4B7A4 /* PFMLBTeam.swift */,
			);
			name = PFTeam;
			sourceTree = "<group>";
		};
		900E120B1C8FA32200C4B7A4 /* Lineup */ = {
			isa = PBXGroup;
			children = (
				900E11C41C8F9EF200C4B7A4 /* SetLineupViewController.swift */,
				900E11BB1C8F9EF200C4B7A4 /* CreateLineupViewController.swift */,
				900E11BD1C8F9EF200C4B7A4 /* EditLineupViewController.swift */,
				900E11C11C8F9EF200C4B7A4 /* PlayerPickerViewController.swift */,
			);
			name = Lineup;
			sourceTree = "<group>";
		};
		90629A321C9094ED0083680D /* Supporting Files */ = {
			isa = PBXGroup;
			children = (
				90629A331C9095120083680D /* Style.swift */,
				900E119E1C8F9EF200C4B7A4 /* Info.plist */,
			);
			name = "Supporting Files";
			sourceTree = "<group>";
		};
		908528FE1CA1AA60000E606E /* Player */ = {
			isa = PBXGroup;
			children = (
				908528FC1CA1AA5A000E606E /* PlayerEventViewController.swift */,
			);
			name = Player;
			sourceTree = "<group>";
		};
		908529071CA2131C000E606E /* Create/Edit (Leagues & Teams) */ = {
			isa = PBXGroup;
			children = (
				900E11BA1C8F9EF200C4B7A4 /* CreateLeagueViewController.swift */,
				900E11BC1C8F9EF200C4B7A4 /* EditLeagueViewController.swift */,
				908529051CA21307000E606E /* CreateTeamViewController.swift */,
			);
			name = "Create/Edit (Leagues & Teams)";
			sourceTree = "<group>";
		};
		90F7B21B1C889B27003FBE49 = {
			isa = PBXGroup;
			children = (
				900E11971C8F9EF200C4B7A4 /* LeagueDuel */,
				90F7B2251C889B27003FBE49 /* Products */,
				65DD228AF4682A8B55DACCBC /* Pods */,
				813AC46DD38CE82E9DBE70C7 /* Frameworks */,
			);
			sourceTree = "<group>";
		};
		90F7B2251C889B27003FBE49 /* Products */ = {
			isa = PBXGroup;
			children = (
				90F7B2241C889B27003FBE49 /* LeagueDuel.app */,
			);
			name = Products;
			sourceTree = "<group>";
		};
/* End PBXGroup section */

/* Begin PBXNativeTarget section */
		90F7B2231C889B27003FBE49 /* LeagueDuel */ = {
			isa = PBXNativeTarget;
			buildConfigurationList = 90F7B2361C889B27003FBE49 /* Build configuration list for PBXNativeTarget "LeagueDuel" */;
			buildPhases = (
				1F330B51A1E96BC48987C3DD /* Check Pods Manifest.lock */,
				90F7B2201C889B27003FBE49 /* Sources */,
				90F7B2211C889B27003FBE49 /* Frameworks */,
				90F7B2221C889B27003FBE49 /* Resources */,
				9D904FC3813B3FC1B5832E34 /* Embed Pods Frameworks */,
				EBA051FC9B48E9066BDBD7C0 /* Copy Pods Resources */,
			);
			buildRules = (
			);
			dependencies = (
			);
			name = LeagueDuel;
			productName = FriendlyFanduel;
			productReference = 90F7B2241C889B27003FBE49 /* LeagueDuel.app */;
			productType = "com.apple.product-type.application";
		};
/* End PBXNativeTarget section */

/* Begin PBXProject section */
		90F7B21C1C889B27003FBE49 /* Project object */ = {
			isa = PBXProject;
			attributes = {
				LastSwiftUpdateCheck = 0720;
				LastUpgradeCheck = 0720;
				ORGANIZATIONNAME = "Arbor Apps LLC";
				TargetAttributes = {
					90F7B2231C889B27003FBE49 = {
						CreatedOnToolsVersion = 7.2.1;
					};
				};
			};
			buildConfigurationList = 90F7B21F1C889B27003FBE49 /* Build configuration list for PBXProject "LeagueDuel" */;
			compatibilityVersion = "Xcode 3.2";
			developmentRegion = English;
			hasScannedForEncodings = 0;
			knownRegions = (
				en,
				Base,
			);
			mainGroup = 90F7B21B1C889B27003FBE49;
			productRefGroup = 90F7B2251C889B27003FBE49 /* Products */;
			projectDirPath = "";
			projectRoot = "";
			targets = (
				90F7B2231C889B27003FBE49 /* LeagueDuel */,
			);
		};
/* End PBXProject section */

/* Begin PBXResourcesBuildPhase section */
		90F7B2221C889B27003FBE49 /* Resources */ = {
			isa = PBXResourcesBuildPhase;
			buildActionMask = 2147483647;
			files = (
				900E11CF1C8F9EF300C4B7A4 /* Main.storyboard in Resources */,
				900E11CD1C8F9EF300C4B7A4 /* Assets.xcassets in Resources */,
				90629A311C9091AF0083680D /* ContestHeaderView.xib in Resources */,
				900E11CE1C8F9EF300C4B7A4 /* LaunchScreen.storyboard in Resources */,
			);
			runOnlyForDeploymentPostprocessing = 0;
		};
/* End PBXResourcesBuildPhase section */

/* Begin PBXShellScriptBuildPhase section */
		1F330B51A1E96BC48987C3DD /* Check Pods Manifest.lock */ = {
			isa = PBXShellScriptBuildPhase;
			buildActionMask = 2147483647;
			files = (
			);
			inputPaths = (
			);
			name = "Check Pods Manifest.lock";
			outputPaths = (
			);
			runOnlyForDeploymentPostprocessing = 0;
			shellPath = /bin/sh;
			shellScript = "diff \"${PODS_ROOT}/../Podfile.lock\" \"${PODS_ROOT}/Manifest.lock\" > /dev/null\nif [[ $? != 0 ]] ; then\n    cat << EOM\nerror: The sandbox is not in sync with the Podfile.lock. Run 'pod install' or update your CocoaPods installation.\nEOM\n    exit 1\nfi\n";
			showEnvVarsInLog = 0;
		};
		9D904FC3813B3FC1B5832E34 /* Embed Pods Frameworks */ = {
			isa = PBXShellScriptBuildPhase;
			buildActionMask = 2147483647;
			files = (
			);
			inputPaths = (
			);
			name = "Embed Pods Frameworks";
			outputPaths = (
			);
			runOnlyForDeploymentPostprocessing = 0;
			shellPath = /bin/sh;
			shellScript = "\"${SRCROOT}/Pods/Target Support Files/Pods-LeagueDuel/Pods-LeagueDuel-frameworks.sh\"\n";
			showEnvVarsInLog = 0;
		};
		EBA051FC9B48E9066BDBD7C0 /* Copy Pods Resources */ = {
			isa = PBXShellScriptBuildPhase;
			buildActionMask = 2147483647;
			files = (
			);
			inputPaths = (
			);
			name = "Copy Pods Resources";
			outputPaths = (
			);
			runOnlyForDeploymentPostprocessing = 0;
			shellPath = /bin/sh;
			shellScript = "\"${SRCROOT}/Pods/Target Support Files/Pods-LeagueDuel/Pods-LeagueDuel-resources.sh\"\n";
			showEnvVarsInLog = 0;
		};
/* End PBXShellScriptBuildPhase section */

/* Begin PBXSourcesBuildPhase section */
		90F7B2201C889B27003FBE49 /* Sources */ = {
			isa = PBXSourcesBuildPhase;
			buildActionMask = 2147483647;
			files = (
				900E11F31C8F9EF300C4B7A4 /* RecentContestsViewController.swift in Sources */,
				900E11FA1C8F9EF300C4B7A4 /* LineupTableViewCell.swift in Sources */,
				900E11D61C8F9EF300C4B7A4 /* PFEvent.swift in Sources */,
				900E11E41C8F9EF300C4B7A4 /* PFPlayer.swift in Sources */,
				900E11EB1C8F9EF300C4B7A4 /* CreateLineupViewController.swift in Sources */,
				900E11D41C8F9EF300C4B7A4 /* PFContestLineup.swift in Sources */,
				908528FD1CA1AA5A000E606E /* PlayerEventViewController.swift in Sources */,
				908529041CA20C7E000E606E /* PFDuelTeam.swift in Sources */,
				900E11DB1C8F9EF300C4B7A4 /* PFMLBContest.swift in Sources */,
				900E11ED1C8F9EF300C4B7A4 /* EditLineupViewController.swift in Sources */,
				900E11E21C8F9EF300C4B7A4 /* PFMLBPlayerEventResult.swift in Sources */,
				900E11EF1C8F9EF300C4B7A4 /* LeagueViewController.swift in Sources */,
				900E11EA1C8F9EF300C4B7A4 /* CreateLeagueViewController.swift in Sources */,
				900E11D31C8F9EF300C4B7A4 /* PFContest.swift in Sources */,
				908308FB1CA182750015AD07 /* PlayerEventTableViewCell.swift in Sources */,
				900E11D51C8F9EF300C4B7A4 /* PFDueler.swift in Sources */,
				900E11EE1C8F9EF300C4B7A4 /* LeaguesViewController.swift in Sources */,
				900E11CC1C8F9EF300C4B7A4 /* AppDelegate.swift in Sources */,
				900E11E91C8F9EF300C4B7A4 /* PFTeam.swift in Sources */,
				900E11F61C8F9EF300C4B7A4 /* UpcomingContestsViewController.swift in Sources */,
				908529001CA1D1B2000E606E /* LDTabBarController.swift in Sources */,
				900E11DE1C8F9EF300C4B7A4 /* PFMLBGame.swift in Sources */,
				900E11EC1C8F9EF300C4B7A4 /* EditLeagueViewController.swift in Sources */,
				908529061CA21307000E606E /* CreateTeamViewController.swift in Sources */,
				900E11E51C8F9EF300C4B7A4 /* PFPlayerEvent.swift in Sources */,
				900E11F01C8F9EF300C4B7A4 /* LiveContestsViewController.swift in Sources */,
				908529021CA1F715000E606E /* LeagueDuelTeamViewController.swift in Sources */,
				900E11DD1C8F9EF300C4B7A4 /* PFMLBEvent.swift in Sources */,
				900E11E01C8F9EF300C4B7A4 /* PFMLBPlayer.swift in Sources */,
				90629A361C90B5760083680D /* TextFieldTableViewCell.swift in Sources */,
				900E11F11C8F9EF300C4B7A4 /* PlayerPickerViewController.swift in Sources */,
				903C534F1CA2E83800E20E93 /* MenuViewController.swift in Sources */,
				900E11D21C8F9EF300C4B7A4 /* MLBEditableContestLineup.swift in Sources */,
				900E11D11C8F9EF300C4B7A4 /* EditableContestLineup.swift in Sources */,
				900E11DF1C8F9EF300C4B7A4 /* PFMLBLineup.swift in Sources */,
				900E11D71C8F9EF300C4B7A4 /* PFFlag.swift in Sources */,
				900E11E31C8F9EF300C4B7A4 /* PFMLBTeam.swift in Sources */,
				900E11E11C8F9EF300C4B7A4 /* PFMLBPlayerEvent.swift in Sources */,
				900E11D91C8F9EF300C4B7A4 /* PFLeague.swift in Sources */,
				900E11DA1C8F9EF300C4B7A4 /* PFLineup.swift in Sources */,
				900E11D81C8F9EF300C4B7A4 /* PFGame.swift in Sources */,
				900E11F71C8F9EF300C4B7A4 /* ContestTableViewCell.swift in Sources */,
				90629A341C9095120083680D /* Style.swift in Sources */,
				90629A2F1C90919F0083680D /* ContestHeaderView.swift in Sources */,
				900E11DC1C8F9EF300C4B7A4 /* PFMLBContestLineup.swift in Sources */,
				900E11E81C8F9EF300C4B7A4 /* PFSuperclassing.swift in Sources */,
				900E11F51C8F9EF300C4B7A4 /* SplashViewController.swift in Sources */,
				908308F71CA17C1B0015AD07 /* ResultRaceView.swift in Sources */,
				908308F91CA17F0E0015AD07 /* LeagueContestViewController.swift in Sources */,
				900E11F21C8F9EF300C4B7A4 /* ProfileViewController.swift in Sources */,
				900E11E71C8F9EF300C4B7A4 /* PFSport.swift in Sources */,
				900E11E61C8F9EF300C4B7A4 /* PFPlayerEventResult.swift in Sources */,
				900E11F81C8F9EF300C4B7A4 /* EventTableViewCell.swift in Sources */,
				900E11F91C8F9EF300C4B7A4 /* LeagueTableViewCell.swift in Sources */,
				900E11F41C8F9EF300C4B7A4 /* SetLineupViewController.swift in Sources */,
			);
			runOnlyForDeploymentPostprocessing = 0;
		};
/* End PBXSourcesBuildPhase section */

/* Begin PBXVariantGroup section */
		900E119A1C8F9EF200C4B7A4 /* LaunchScreen.storyboard */ = {
			isa = PBXVariantGroup;
			children = (
				900E119B1C8F9EF200C4B7A4 /* Base */,
			);
			name = LaunchScreen.storyboard;
			sourceTree = "<group>";
		};
		900E119C1C8F9EF200C4B7A4 /* Main.storyboard */ = {
			isa = PBXVariantGroup;
			children = (
				900E119D1C8F9EF200C4B7A4 /* Base */,
			);
			name = Main.storyboard;
			sourceTree = "<group>";
		};
/* End PBXVariantGroup section */

/* Begin XCBuildConfiguration section */
		90F7B2341C889B27003FBE49 /* Debug */ = {
			isa = XCBuildConfiguration;
			buildSettings = {
				ALWAYS_SEARCH_USER_PATHS = NO;
				CLANG_CXX_LANGUAGE_STANDARD = "gnu++0x";
				CLANG_CXX_LIBRARY = "libc++";
				CLANG_ENABLE_MODULES = YES;
				CLANG_ENABLE_OBJC_ARC = YES;
				CLANG_WARN_BOOL_CONVERSION = YES;
				CLANG_WARN_CONSTANT_CONVERSION = YES;
				CLANG_WARN_DIRECT_OBJC_ISA_USAGE = YES_ERROR;
				CLANG_WARN_EMPTY_BODY = YES;
				CLANG_WARN_ENUM_CONVERSION = YES;
				CLANG_WARN_INT_CONVERSION = YES;
				CLANG_WARN_OBJC_ROOT_CLASS = YES_ERROR;
				CLANG_WARN_UNREACHABLE_CODE = YES;
				CLANG_WARN__DUPLICATE_METHOD_MATCH = YES;
				"CODE_SIGN_IDENTITY[sdk=iphoneos*]" = "iPhone Developer";
				COPY_PHASE_STRIP = NO;
				DEBUG_INFORMATION_FORMAT = dwarf;
				ENABLE_STRICT_OBJC_MSGSEND = YES;
				ENABLE_TESTABILITY = YES;
				GCC_C_LANGUAGE_STANDARD = gnu99;
				GCC_DYNAMIC_NO_PIC = NO;
				GCC_NO_COMMON_BLOCKS = YES;
				GCC_OPTIMIZATION_LEVEL = 0;
				GCC_PREPROCESSOR_DEFINITIONS = (
					"DEBUG=1",
					"$(inherited)",
				);
				GCC_WARN_64_TO_32_BIT_CONVERSION = YES;
				GCC_WARN_ABOUT_RETURN_TYPE = YES_ERROR;
				GCC_WARN_UNDECLARED_SELECTOR = YES;
				GCC_WARN_UNINITIALIZED_AUTOS = YES_AGGRESSIVE;
				GCC_WARN_UNUSED_FUNCTION = YES;
				GCC_WARN_UNUSED_VARIABLE = YES;
				IPHONEOS_DEPLOYMENT_TARGET = 9.0;
				MTL_ENABLE_DEBUG_INFO = YES;
				ONLY_ACTIVE_ARCH = YES;
				SDKROOT = iphoneos;
				SWIFT_OPTIMIZATION_LEVEL = "-Onone";
				TARGETED_DEVICE_FAMILY = "1,2";
			};
			name = Debug;
		};
		90F7B2351C889B27003FBE49 /* Release */ = {
			isa = XCBuildConfiguration;
			buildSettings = {
				ALWAYS_SEARCH_USER_PATHS = NO;
				CLANG_CXX_LANGUAGE_STANDARD = "gnu++0x";
				CLANG_CXX_LIBRARY = "libc++";
				CLANG_ENABLE_MODULES = YES;
				CLANG_ENABLE_OBJC_ARC = YES;
				CLANG_WARN_BOOL_CONVERSION = YES;
				CLANG_WARN_CONSTANT_CONVERSION = YES;
				CLANG_WARN_DIRECT_OBJC_ISA_USAGE = YES_ERROR;
				CLANG_WARN_EMPTY_BODY = YES;
				CLANG_WARN_ENUM_CONVERSION = YES;
				CLANG_WARN_INT_CONVERSION = YES;
				CLANG_WARN_OBJC_ROOT_CLASS = YES_ERROR;
				CLANG_WARN_UNREACHABLE_CODE = YES;
				CLANG_WARN__DUPLICATE_METHOD_MATCH = YES;
				"CODE_SIGN_IDENTITY[sdk=iphoneos*]" = "iPhone Developer";
				COPY_PHASE_STRIP = NO;
				DEBUG_INFORMATION_FORMAT = "dwarf-with-dsym";
				ENABLE_NS_ASSERTIONS = NO;
				ENABLE_STRICT_OBJC_MSGSEND = YES;
				GCC_C_LANGUAGE_STANDARD = gnu99;
				GCC_NO_COMMON_BLOCKS = YES;
				GCC_WARN_64_TO_32_BIT_CONVERSION = YES;
				GCC_WARN_ABOUT_RETURN_TYPE = YES_ERROR;
				GCC_WARN_UNDECLARED_SELECTOR = YES;
				GCC_WARN_UNINITIALIZED_AUTOS = YES_AGGRESSIVE;
				GCC_WARN_UNUSED_FUNCTION = YES;
				GCC_WARN_UNUSED_VARIABLE = YES;
				IPHONEOS_DEPLOYMENT_TARGET = 9.0;
				MTL_ENABLE_DEBUG_INFO = NO;
				SDKROOT = iphoneos;
				TARGETED_DEVICE_FAMILY = "1,2";
				VALIDATE_PRODUCT = YES;
			};
			name = Release;
		};
		90F7B2371C889B27003FBE49 /* Debug */ = {
			isa = XCBuildConfiguration;
			baseConfigurationReference = 2AA7A90315F9F184FF61F633 /* Pods-LeagueDuel.debug.xcconfig */;
			buildSettings = {
				ASSETCATALOG_COMPILER_APPICON_NAME = AppIcon;
				INFOPLIST_FILE = "$(SRCROOT)/LeagueDuel/Info.plist";
				IPHONEOS_DEPLOYMENT_TARGET = 9.0;
				LD_RUNPATH_SEARCH_PATHS = "$(inherited) @executable_path/Frameworks";
				PRODUCT_BUNDLE_IDENTIFIER = io.arborapps.LeagueDuel;
				PRODUCT_NAME = LeagueDuel;
				TARGETED_DEVICE_FAMILY = 1;
			};
			name = Debug;
		};
		90F7B2381C889B27003FBE49 /* Release */ = {
			isa = XCBuildConfiguration;
			baseConfigurationReference = D9C391357D720FBAC7B3D93D /* Pods-LeagueDuel.release.xcconfig */;
			buildSettings = {
				ASSETCATALOG_COMPILER_APPICON_NAME = AppIcon;
				INFOPLIST_FILE = "$(SRCROOT)/LeagueDuel/Info.plist";
				IPHONEOS_DEPLOYMENT_TARGET = 9.0;
				LD_RUNPATH_SEARCH_PATHS = "$(inherited) @executable_path/Frameworks";
				PRODUCT_BUNDLE_IDENTIFIER = io.arborapps.LeagueDuel;
				PRODUCT_NAME = LeagueDuel;
				TARGETED_DEVICE_FAMILY = 1;
			};
			name = Release;
		};
/* End XCBuildConfiguration section */

/* Begin XCConfigurationList section */
		90F7B21F1C889B27003FBE49 /* Build configuration list for PBXProject "LeagueDuel" */ = {
			isa = XCConfigurationList;
			buildConfigurations = (
				90F7B2341C889B27003FBE49 /* Debug */,
				90F7B2351C889B27003FBE49 /* Release */,
			);
			defaultConfigurationIsVisible = 0;
			defaultConfigurationName = Release;
		};
		90F7B2361C889B27003FBE49 /* Build configuration list for PBXNativeTarget "LeagueDuel" */ = {
			isa = XCConfigurationList;
			buildConfigurations = (
				90F7B2371C889B27003FBE49 /* Debug */,
				90F7B2381C889B27003FBE49 /* Release */,
			);
			defaultConfigurationIsVisible = 0;
			defaultConfigurationName = Release;
		};
/* End XCConfigurationList section */
	};
	rootObject = 90F7B21C1C889B27003FBE49 /* Project object */;
}
