// !$*UTF8*$!
{
	archiveVersion = 1;
	classes = {
	};
	objectVersion = 46;
	objects = {

/* Begin PBXBuildFile section */
		90F7B2281C889B27003FBE49 /* AppDelegate.swift in Sources */ = {isa = PBXBuildFile; fileRef = 90F7B2271C889B27003FBE49 /* AppDelegate.swift */; };
		90F7B22D1C889B27003FBE49 /* Main.storyboard in Resources */ = {isa = PBXBuildFile; fileRef = 90F7B22B1C889B27003FBE49 /* Main.storyboard */; };
		90F7B22F1C889B27003FBE49 /* Assets.xcassets in Resources */ = {isa = PBXBuildFile; fileRef = 90F7B22E1C889B27003FBE49 /* Assets.xcassets */; };
		90F7B2321C889B27003FBE49 /* LaunchScreen.storyboard in Resources */ = {isa = PBXBuildFile; fileRef = 90F7B2301C889B27003FBE49 /* LaunchScreen.storyboard */; };
		90F7B23E1C88A5FE003FBE49 /* LeaguesViewController.swift in Sources */ = {isa = PBXBuildFile; fileRef = 90F7B23D1C88A5FE003FBE49 /* LeaguesViewController.swift */; };
		90F7B2401C88A60A003FBE49 /* LiveGamesViewController.swift in Sources */ = {isa = PBXBuildFile; fileRef = 90F7B23F1C88A60A003FBE49 /* LiveGamesViewController.swift */; };
		90F7B2421C88A614003FBE49 /* UpcomingGamesViewController.swift in Sources */ = {isa = PBXBuildFile; fileRef = 90F7B2411C88A614003FBE49 /* UpcomingGamesViewController.swift */; };
		90F7B2441C88A61E003FBE49 /* ProfileViewController.swift in Sources */ = {isa = PBXBuildFile; fileRef = 90F7B2431C88A61E003FBE49 /* ProfileViewController.swift */; };
		90F7B2461C88A631003FBE49 /* SplashViewController.swift in Sources */ = {isa = PBXBuildFile; fileRef = 90F7B2451C88A631003FBE49 /* SplashViewController.swift */; };
		90F7B24C1C88AAA3003FBE49 /* LeagueViewController.swift in Sources */ = {isa = PBXBuildFile; fileRef = 90F7B24B1C88AAA3003FBE49 /* LeagueViewController.swift */; };
		90F7B24E1C88AD2E003FBE49 /* CreateLeagueViewController.swift in Sources */ = {isa = PBXBuildFile; fileRef = 90F7B24D1C88AD2E003FBE49 /* CreateLeagueViewController.swift */; };
		90F7B2501C88AD38003FBE49 /* EditLeagueViewController.swift in Sources */ = {isa = PBXBuildFile; fileRef = 90F7B24F1C88AD38003FBE49 /* EditLeagueViewController.swift */; };
/* End PBXBuildFile section */

/* Begin PBXFileReference section */
		90F7B2241C889B27003FBE49 /* FriendlyFanduel.app */ = {isa = PBXFileReference; explicitFileType = wrapper.application; includeInIndex = 0; path = FriendlyFanduel.app; sourceTree = BUILT_PRODUCTS_DIR; };
		90F7B2271C889B27003FBE49 /* AppDelegate.swift */ = {isa = PBXFileReference; lastKnownFileType = sourcecode.swift; path = AppDelegate.swift; sourceTree = "<group>"; };
		90F7B22C1C889B27003FBE49 /* Base */ = {isa = PBXFileReference; lastKnownFileType = file.storyboard; name = Base; path = Base.lproj/Main.storyboard; sourceTree = "<group>"; };
		90F7B22E1C889B27003FBE49 /* Assets.xcassets */ = {isa = PBXFileReference; lastKnownFileType = folder.assetcatalog; path = Assets.xcassets; sourceTree = "<group>"; };
		90F7B2311C889B27003FBE49 /* Base */ = {isa = PBXFileReference; lastKnownFileType = file.storyboard; name = Base; path = Base.lproj/LaunchScreen.storyboard; sourceTree = "<group>"; };
		90F7B2331C889B27003FBE49 /* Info.plist */ = {isa = PBXFileReference; lastKnownFileType = text.plist.xml; path = Info.plist; sourceTree = "<group>"; };
		90F7B23D1C88A5FE003FBE49 /* LeaguesViewController.swift */ = {isa = PBXFileReference; fileEncoding = 4; lastKnownFileType = sourcecode.swift; path = LeaguesViewController.swift; sourceTree = "<group>"; };
		90F7B23F1C88A60A003FBE49 /* LiveGamesViewController.swift */ = {isa = PBXFileReference; fileEncoding = 4; lastKnownFileType = sourcecode.swift; path = LiveGamesViewController.swift; sourceTree = "<group>"; };
		90F7B2411C88A614003FBE49 /* UpcomingGamesViewController.swift */ = {isa = PBXFileReference; fileEncoding = 4; lastKnownFileType = sourcecode.swift; path = UpcomingGamesViewController.swift; sourceTree = "<group>"; };
		90F7B2431C88A61E003FBE49 /* ProfileViewController.swift */ = {isa = PBXFileReference; fileEncoding = 4; lastKnownFileType = sourcecode.swift; path = ProfileViewController.swift; sourceTree = "<group>"; };
		90F7B2451C88A631003FBE49 /* SplashViewController.swift */ = {isa = PBXFileReference; fileEncoding = 4; lastKnownFileType = sourcecode.swift; path = SplashViewController.swift; sourceTree = "<group>"; };
		90F7B24B1C88AAA3003FBE49 /* LeagueViewController.swift */ = {isa = PBXFileReference; fileEncoding = 4; lastKnownFileType = sourcecode.swift; path = LeagueViewController.swift; sourceTree = "<group>"; };
		90F7B24D1C88AD2E003FBE49 /* CreateLeagueViewController.swift */ = {isa = PBXFileReference; fileEncoding = 4; lastKnownFileType = sourcecode.swift; path = CreateLeagueViewController.swift; sourceTree = "<group>"; };
		90F7B24F1C88AD38003FBE49 /* EditLeagueViewController.swift */ = {isa = PBXFileReference; fileEncoding = 4; lastKnownFileType = sourcecode.swift; path = EditLeagueViewController.swift; sourceTree = "<group>"; };
/* End PBXFileReference section */

/* Begin PBXFrameworksBuildPhase section */
		90F7B2211C889B27003FBE49 /* Frameworks */ = {
			isa = PBXFrameworksBuildPhase;
			buildActionMask = 2147483647;
			files = (
			);
			runOnlyForDeploymentPostprocessing = 0;
		};
/* End PBXFrameworksBuildPhase section */

/* Begin PBXGroup section */
		90F7B21B1C889B27003FBE49 = {
			isa = PBXGroup;
			children = (
				90F7B2261C889B27003FBE49 /* FriendlyFanduel */,
				90F7B2251C889B27003FBE49 /* Products */,
			);
			sourceTree = "<group>";
		};
		90F7B2251C889B27003FBE49 /* Products */ = {
			isa = PBXGroup;
			children = (
				90F7B2241C889B27003FBE49 /* FriendlyFanduel.app */,
			);
			name = Products;
			sourceTree = "<group>";
		};
		90F7B2261C889B27003FBE49 /* FriendlyFanduel */ = {
			isa = PBXGroup;
			children = (
				90F7B2271C889B27003FBE49 /* AppDelegate.swift */,
				90F7B22B1C889B27003FBE49 /* Main.storyboard */,
				90F7B22E1C889B27003FBE49 /* Assets.xcassets */,
				90F7B2301C889B27003FBE49 /* LaunchScreen.storyboard */,
				90F7B2391C88A5C8003FBE49 /* VCs */,
				90F7B23C1C88A5D7003FBE49 /* Supporting Files */,
			);
			path = FriendlyFanduel;
			sourceTree = "<group>";
		};
		90F7B2391C88A5C8003FBE49 /* VCs */ = {
			isa = PBXGroup;
			children = (
				90F7B2471C88A635003FBE49 /* Login */,
				90F7B2481C88AA5C003FBE49 /* League */,
				90F7B2511C88AEAB003FBE49 /* Live Games */,
				90F7B2521C88AEB1003FBE49 /* Upcoming Games */,
				90F7B2531C88AEB6003FBE49 /* Profile */,
			);
			path = VCs;
			sourceTree = "<group>";
		};
		90F7B23C1C88A5D7003FBE49 /* Supporting Files */ = {
			isa = PBXGroup;
			children = (
				90F7B2331C889B27003FBE49 /* Info.plist */,
			);
			name = "Supporting Files";
			sourceTree = "<group>";
		};
		90F7B2471C88A635003FBE49 /* Login */ = {
			isa = PBXGroup;
			children = (
				90F7B2451C88A631003FBE49 /* SplashViewController.swift */,
			);
			name = Login;
			sourceTree = "<group>";
		};
		90F7B2481C88AA5C003FBE49 /* League */ = {
			isa = PBXGroup;
			children = (
				90F7B23D1C88A5FE003FBE49 /* LeaguesViewController.swift */,
				90F7B24B1C88AAA3003FBE49 /* LeagueViewController.swift */,
				90F7B24D1C88AD2E003FBE49 /* CreateLeagueViewController.swift */,
				90F7B24F1C88AD38003FBE49 /* EditLeagueViewController.swift */,
			);
			name = League;
			sourceTree = "<group>";
		};
		90F7B2511C88AEAB003FBE49 /* Live Games */ = {
			isa = PBXGroup;
			children = (
				90F7B23F1C88A60A003FBE49 /* LiveGamesViewController.swift */,
			);
			name = "Live Games";
			sourceTree = "<group>";
		};
		90F7B2521C88AEB1003FBE49 /* Upcoming Games */ = {
			isa = PBXGroup;
			children = (
				90F7B2411C88A614003FBE49 /* UpcomingGamesViewController.swift */,
			);
			name = "Upcoming Games";
			sourceTree = "<group>";
		};
		90F7B2531C88AEB6003FBE49 /* Profile */ = {
			isa = PBXGroup;
			children = (
				90F7B2431C88A61E003FBE49 /* ProfileViewController.swift */,
			);
			name = Profile;
			sourceTree = "<group>";
		};
/* End PBXGroup section */

/* Begin PBXNativeTarget section */
		90F7B2231C889B27003FBE49 /* FriendlyFanduel */ = {
			isa = PBXNativeTarget;
			buildConfigurationList = 90F7B2361C889B27003FBE49 /* Build configuration list for PBXNativeTarget "FriendlyFanduel" */;
			buildPhases = (
				90F7B2201C889B27003FBE49 /* Sources */,
				90F7B2211C889B27003FBE49 /* Frameworks */,
				90F7B2221C889B27003FBE49 /* Resources */,
			);
			buildRules = (
			);
			dependencies = (
			);
			name = FriendlyFanduel;
			productName = FriendlyFanduel;
			productReference = 90F7B2241C889B27003FBE49 /* FriendlyFanduel.app */;
			productType = "com.apple.product-type.application";
		};
/* End PBXNativeTarget section */

/* Begin PBXProject section */
		90F7B21C1C889B27003FBE49 /* Project object */ = {
			isa = PBXProject;
			attributes = {
				LastSwiftUpdateCheck = 0720;
				LastUpgradeCheck = 0720;
				ORGANIZATIONNAME = "Arbor Apps LLC";
				TargetAttributes = {
					90F7B2231C889B27003FBE49 = {
						CreatedOnToolsVersion = 7.2.1;
					};
				};
			};
			buildConfigurationList = 90F7B21F1C889B27003FBE49 /* Build configuration list for PBXProject "FriendlyFanduel" */;
			compatibilityVersion = "Xcode 3.2";
			developmentRegion = English;
			hasScannedForEncodings = 0;
			knownRegions = (
				en,
				Base,
			);
			mainGroup = 90F7B21B1C889B27003FBE49;
			productRefGroup = 90F7B2251C889B27003FBE49 /* Products */;
			projectDirPath = "";
			projectRoot = "";
			targets = (
				90F7B2231C889B27003FBE49 /* FriendlyFanduel */,
			);
		};
/* End PBXProject section */

/* Begin PBXResourcesBuildPhase section */
		90F7B2221C889B27003FBE49 /* Resources */ = {
			isa = PBXResourcesBuildPhase;
			buildActionMask = 2147483647;
			files = (
				90F7B2321C889B27003FBE49 /* LaunchScreen.storyboard in Resources */,
				90F7B22F1C889B27003FBE49 /* Assets.xcassets in Resources */,
				90F7B22D1C889B27003FBE49 /* Main.storyboard in Resources */,
			);
			runOnlyForDeploymentPostprocessing = 0;
		};
/* End PBXResourcesBuildPhase section */

/* Begin PBXSourcesBuildPhase section */
		90F7B2201C889B27003FBE49 /* Sources */ = {
			isa = PBXSourcesBuildPhase;
			buildActionMask = 2147483647;
			files = (
				90F7B2441C88A61E003FBE49 /* ProfileViewController.swift in Sources */,
				90F7B2421C88A614003FBE49 /* UpcomingGamesViewController.swift in Sources */,
				90F7B24E1C88AD2E003FBE49 /* CreateLeagueViewController.swift in Sources */,
				90F7B2401C88A60A003FBE49 /* LiveGamesViewController.swift in Sources */,
				90F7B2461C88A631003FBE49 /* SplashViewController.swift in Sources */,
				90F7B2501C88AD38003FBE49 /* EditLeagueViewController.swift in Sources */,
				90F7B2281C889B27003FBE49 /* AppDelegate.swift in Sources */,
				90F7B23E1C88A5FE003FBE49 /* LeaguesViewController.swift in Sources */,
				90F7B24C1C88AAA3003FBE49 /* LeagueViewController.swift in Sources */,
			);
			runOnlyForDeploymentPostprocessing = 0;
		};
/* End PBXSourcesBuildPhase section */

/* Begin PBXVariantGroup section */
		90F7B22B1C889B27003FBE49 /* Main.storyboard */ = {
			isa = PBXVariantGroup;
			children = (
				90F7B22C1C889B27003FBE49 /* Base */,
			);
			name = Main.storyboard;
			sourceTree = "<group>";
		};
		90F7B2301C889B27003FBE49 /* LaunchScreen.storyboard */ = {
			isa = PBXVariantGroup;
			children = (
				90F7B2311C889B27003FBE49 /* Base */,
			);
			name = LaunchScreen.storyboard;
			sourceTree = "<group>";
		};
/* End PBXVariantGroup section */

/* Begin XCBuildConfiguration section */
		90F7B2341C889B27003FBE49 /* Debug */ = {
			isa = XCBuildConfiguration;
			buildSettings = {
				ALWAYS_SEARCH_USER_PATHS = NO;
				CLANG_CXX_LANGUAGE_STANDARD = "gnu++0x";
				CLANG_CXX_LIBRARY = "libc++";
				CLANG_ENABLE_MODULES = YES;
				CLANG_ENABLE_OBJC_ARC = YES;
				CLANG_WARN_BOOL_CONVERSION = YES;
				CLANG_WARN_CONSTANT_CONVERSION = YES;
				CLANG_WARN_DIRECT_OBJC_ISA_USAGE = YES_ERROR;
				CLANG_WARN_EMPTY_BODY = YES;
				CLANG_WARN_ENUM_CONVERSION = YES;
				CLANG_WARN_INT_CONVERSION = YES;
				CLANG_WARN_OBJC_ROOT_CLASS = YES_ERROR;
				CLANG_WARN_UNREACHABLE_CODE = YES;
				CLANG_WARN__DUPLICATE_METHOD_MATCH = YES;
				"CODE_SIGN_IDENTITY[sdk=iphoneos*]" = "iPhone Developer";
				COPY_PHASE_STRIP = NO;
				DEBUG_INFORMATION_FORMAT = dwarf;
				ENABLE_STRICT_OBJC_MSGSEND = YES;
				ENABLE_TESTABILITY = YES;
				GCC_C_LANGUAGE_STANDARD = gnu99;
				GCC_DYNAMIC_NO_PIC = NO;
				GCC_NO_COMMON_BLOCKS = YES;
				GCC_OPTIMIZATION_LEVEL = 0;
				GCC_PREPROCESSOR_DEFINITIONS = (
					"DEBUG=1",
					"$(inherited)",
				);
				GCC_WARN_64_TO_32_BIT_CONVERSION = YES;
				GCC_WARN_ABOUT_RETURN_TYPE = YES_ERROR;
				GCC_WARN_UNDECLARED_SELECTOR = YES;
				GCC_WARN_UNINITIALIZED_AUTOS = YES_AGGRESSIVE;
				GCC_WARN_UNUSED_FUNCTION = YES;
				GCC_WARN_UNUSED_VARIABLE = YES;
				IPHONEOS_DEPLOYMENT_TARGET = 9.2;
				MTL_ENABLE_DEBUG_INFO = YES;
				ONLY_ACTIVE_ARCH = YES;
				SDKROOT = iphoneos;
				SWIFT_OPTIMIZATION_LEVEL = "-Onone";
				TARGETED_DEVICE_FAMILY = "1,2";
			};
			name = Debug;
		};
		90F7B2351C889B27003FBE49 /* Release */ = {
			isa = XCBuildConfiguration;
			buildSettings = {
				ALWAYS_SEARCH_USER_PATHS = NO;
				CLANG_CXX_LANGUAGE_STANDARD = "gnu++0x";
				CLANG_CXX_LIBRARY = "libc++";
				CLANG_ENABLE_MODULES = YES;
				CLANG_ENABLE_OBJC_ARC = YES;
				CLANG_WARN_BOOL_CONVERSION = YES;
				CLANG_WARN_CONSTANT_CONVERSION = YES;
				CLANG_WARN_DIRECT_OBJC_ISA_USAGE = YES_ERROR;
				CLANG_WARN_EMPTY_BODY = YES;
				CLANG_WARN_ENUM_CONVERSION = YES;
				CLANG_WARN_INT_CONVERSION = YES;
				CLANG_WARN_OBJC_ROOT_CLASS = YES_ERROR;
				CLANG_WARN_UNREACHABLE_CODE = YES;
				CLANG_WARN__DUPLICATE_METHOD_MATCH = YES;
				"CODE_SIGN_IDENTITY[sdk=iphoneos*]" = "iPhone Developer";
				COPY_PHASE_STRIP = NO;
				DEBUG_INFORMATION_FORMAT = "dwarf-with-dsym";
				ENABLE_NS_ASSERTIONS = NO;
				ENABLE_STRICT_OBJC_MSGSEND = YES;
				GCC_C_LANGUAGE_STANDARD = gnu99;
				GCC_NO_COMMON_BLOCKS = YES;
				GCC_WARN_64_TO_32_BIT_CONVERSION = YES;
				GCC_WARN_ABOUT_RETURN_TYPE = YES_ERROR;
				GCC_WARN_UNDECLARED_SELECTOR = YES;
				GCC_WARN_UNINITIALIZED_AUTOS = YES_AGGRESSIVE;
				GCC_WARN_UNUSED_FUNCTION = YES;
				GCC_WARN_UNUSED_VARIABLE = YES;
				IPHONEOS_DEPLOYMENT_TARGET = 9.2;
				MTL_ENABLE_DEBUG_INFO = NO;
				SDKROOT = iphoneos;
				TARGETED_DEVICE_FAMILY = "1,2";
				VALIDATE_PRODUCT = YES;
			};
			name = Release;
		};
		90F7B2371C889B27003FBE49 /* Debug */ = {
			isa = XCBuildConfiguration;
			buildSettings = {
				ASSETCATALOG_COMPILER_APPICON_NAME = AppIcon;
				INFOPLIST_FILE = FriendlyFanduel/Info.plist;
				LD_RUNPATH_SEARCH_PATHS = "$(inherited) @executable_path/Frameworks";
				PRODUCT_BUNDLE_IDENTIFIER = io.arborapps.FriendlyFanduel;
				PRODUCT_NAME = "$(TARGET_NAME)";
				TARGETED_DEVICE_FAMILY = 1;
			};
			name = Debug;
		};
		90F7B2381C889B27003FBE49 /* Release */ = {
			isa = XCBuildConfiguration;
			buildSettings = {
				ASSETCATALOG_COMPILER_APPICON_NAME = AppIcon;
				INFOPLIST_FILE = FriendlyFanduel/Info.plist;
				LD_RUNPATH_SEARCH_PATHS = "$(inherited) @executable_path/Frameworks";
				PRODUCT_BUNDLE_IDENTIFIER = io.arborapps.FriendlyFanduel;
				PRODUCT_NAME = "$(TARGET_NAME)";
				TARGETED_DEVICE_FAMILY = 1;
			};
			name = Release;
		};
/* End XCBuildConfiguration section */

/* Begin XCConfigurationList section */
		90F7B21F1C889B27003FBE49 /* Build configuration list for PBXProject "FriendlyFanduel" */ = {
			isa = XCConfigurationList;
			buildConfigurations = (
				90F7B2341C889B27003FBE49 /* Debug */,
				90F7B2351C889B27003FBE49 /* Release */,
			);
			defaultConfigurationIsVisible = 0;
			defaultConfigurationName = Release;
		};
		90F7B2361C889B27003FBE49 /* Build configuration list for PBXNativeTarget "FriendlyFanduel" */ = {
			isa = XCConfigurationList;
			buildConfigurations = (
				90F7B2371C889B27003FBE49 /* Debug */,
				90F7B2381C889B27003FBE49 /* Release */,
			);
			defaultConfigurationIsVisible = 0;
		};
/* End XCConfigurationList section */
	};
	rootObject = 90F7B21C1C889B27003FBE49 /* Project object */;
}
